
Microsoft Visual Studio Solution File, Format Version 12.00
# Visual Studio Version 17
VisualStudioVersion = 17.8.34330.188
MinimumVisualStudioVersion = 10.0.40219.1
Project("{FAE04EC0-301F-11D3-BF4B-00C04F79EFBC}") = "QLST", "WindowsFormsApp2\QLST.csproj", "{B0315F37-33AF-4382-90F7-023A457F0CBD}"
EndProject
Global
	GlobalSection(SolutionConfigurationPlatforms) = preSolution
		Debug|Any CPU = Debug|Any CPU
		Release|Any CPU = Release|Any CPU
	EndGlobalSection
	GlobalSection(ProjectConfigurationPlatforms) = postSolution
		{B0315F37-33AF-4382-90F7-023A457F0CBD}.Debug|Any CPU.ActiveCfg = Debug|Any CPU
		{B0315F37-33AF-4382-90F7-023A457F0CBD}.Debug|Any CPU.Build.0 = Debug|Any CPU
		{B0315F37-33AF-4382-90F7-023A457F0CBD}.Release|Any CPU.ActiveCfg = Release|Any CPU
		{B0315F37-33AF-4382-90F7-023A457F0CBD}.Release|Any CPU.Build.0 = Release|Any CPU
	EndGlobalSection
	GlobalSection(SolutionProperties) = preSolution
		HideSolutionNode = FALSE
	EndGlobalSection
	GlobalSection(ExtensibilityGlobals) = postSolution
		SolutionGuid = {E7DCDF3B-AC81-4530-893C-38169B9B39D5}
	EndGlobalSection
EndGlobal
